// !$*UTF8*$!
{
	archiveVersion = 1;
	classes = {
	};
	objectVersion = 46;
	objects = {

/* Begin PBXBuildFile section */
		B3FC87521C59BBC0009CE64E /* main.m in Sources */ = {isa = PBXBuildFile; fileRef = B3FC87511C59BBC0009CE64E /* main.m */; };
		B3FC87551C59BBC0009CE64E /* AppDelegate.m in Sources */ = {isa = PBXBuildFile; fileRef = B3FC87541C59BBC0009CE64E /* AppDelegate.m */; };
		B3FC87581C59BBC0009CE64E /* ViewController.m in Sources */ = {isa = PBXBuildFile; fileRef = B3FC87571C59BBC0009CE64E /* ViewController.m */; };
		B3FC875B1C59BBC0009CE64E /* Main.storyboard in Resources */ = {isa = PBXBuildFile; fileRef = B3FC87591C59BBC0009CE64E /* Main.storyboard */; };
		B3FC875D1C59BBC0009CE64E /* Assets.xcassets in Resources */ = {isa = PBXBuildFile; fileRef = B3FC875C1C59BBC0009CE64E /* Assets.xcassets */; };
		B3FC87601C59BBC0009CE64E /* LaunchScreen.storyboard in Resources */ = {isa = PBXBuildFile; fileRef = B3FC875E1C59BBC0009CE64E /* LaunchScreen.storyboard */; };
		B3FC876A1C59BC50009CE64E /* DataStorage.m in Sources */ = {isa = PBXBuildFile; fileRef = B3FC87691C59BC50009CE64E /* DataStorage.m */; };
		B3FC876D1C59BD14009CE64E /* DataStorage.xcdatamodeld in Sources */ = {isa = PBXBuildFile; fileRef = B3FC876B1C59BD14009CE64E /* DataStorage.xcdatamodeld */; };
		B3FC87721C59C285009CE64E /* SimpleModel+CoreDataProperties.m in Sources */ = {isa = PBXBuildFile; fileRef = B3FC876F1C59C285009CE64E /* SimpleModel+CoreDataProperties.m */; };
		B3FC87731C59C285009CE64E /* SimpleModel.m in Sources */ = {isa = PBXBuildFile; fileRef = B3FC87711C59C285009CE64E /* SimpleModel.m */; };
/* End PBXBuildFile section */

/* Begin PBXFileReference section */
		B3FC874D1C59BBC0009CE64E /* CoreData.app */ = {isa = PBXFileReference; explicitFileType = wrapper.application; includeInIndex = 0; path = CoreData.app; sourceTree = BUILT_PRODUCTS_DIR; };
		B3FC87511C59BBC0009CE64E /* main.m */ = {isa = PBXFileReference; lastKnownFileType = sourcecode.c.objc; path = main.m; sourceTree = "<group>"; };
		B3FC87531C59BBC0009CE64E /* AppDelegate.h */ = {isa = PBXFileReference; lastKnownFileType = sourcecode.c.h; path = AppDelegate.h; sourceTree = "<group>"; };
		B3FC87541C59BBC0009CE64E /* AppDelegate.m */ = {isa = PBXFileReference; lastKnownFileType = sourcecode.c.objc; path = AppDelegate.m; sourceTree = "<group>"; };
		B3FC87561C59BBC0009CE64E /* ViewController.h */ = {isa = PBXFileReference; lastKnownFileType = sourcecode.c.h; path = ViewController.h; sourceTree = "<group>"; };
		B3FC87571C59BBC0009CE64E /* ViewController.m */ = {isa = PBXFileReference; lastKnownFileType = sourcecode.c.objc; path = ViewController.m; sourceTree = "<group>"; };
		B3FC875A1C59BBC0009CE64E /* Base */ = {isa = PBXFileReference; lastKnownFileType = file.storyboard; name = Base; path = Base.lproj/Main.storyboard; sourceTree = "<group>"; };
		B3FC875C1C59BBC0009CE64E /* Assets.xcassets */ = {isa = PBXFileReference; lastKnownFileType = folder.assetcatalog; path = Assets.xcassets; sourceTree = "<group>"; };
		B3FC875F1C59BBC0009CE64E /* Base */ = {isa = PBXFileReference; lastKnownFileType = file.storyboard; name = Base; path = Base.lproj/LaunchScreen.storyboard; sourceTree = "<group>"; };
		B3FC87611C59BBC0009CE64E /* Info.plist */ = {isa = PBXFileReference; lastKnownFileType = text.plist.xml; path = Info.plist; sourceTree = "<group>"; };
		B3FC87681C59BC50009CE64E /* DataStorage.h */ = {isa = PBXFileReference; fileEncoding = 4; lastKnownFileType = sourcecode.c.h; path = DataStorage.h; sourceTree = "<group>"; };
		B3FC87691C59BC50009CE64E /* DataStorage.m */ = {isa = PBXFileReference; fileEncoding = 4; lastKnownFileType = sourcecode.c.objc; path = DataStorage.m; sourceTree = "<group>"; };
		B3FC876C1C59BD14009CE64E /* DataStorage.xcdatamodel */ = {isa = PBXFileReference; lastKnownFileType = wrapper.xcdatamodel; path = DataStorage.xcdatamodel; sourceTree = "<group>"; };
		B3FC876E1C59C285009CE64E /* SimpleModel+CoreDataProperties.h */ = {isa = PBXFileReference; fileEncoding = 4; lastKnownFileType = sourcecode.c.h; path = "SimpleModel+CoreDataProperties.h"; sourceTree = "<group>"; };
		B3FC876F1C59C285009CE64E /* SimpleModel+CoreDataProperties.m */ = {isa = PBXFileReference; fileEncoding = 4; lastKnownFileType = sourcecode.c.objc; path = "SimpleModel+CoreDataProperties.m"; sourceTree = "<group>"; };
		B3FC87701C59C285009CE64E /* SimpleModel.h */ = {isa = PBXFileReference; fileEncoding = 4; lastKnownFileType = sourcecode.c.h; path = SimpleModel.h; sourceTree = "<group>"; };
		B3FC87711C59C285009CE64E /* SimpleModel.m */ = {isa = PBXFileReference; fileEncoding = 4; lastKnownFileType = sourcecode.c.objc; path = SimpleModel.m; sourceTree = "<group>"; };
/* End PBXFileReference section */

/* Begin PBXFrameworksBuildPhase section */
		B3FC874A1C59BBC0009CE64E /* Frameworks */ = {
			isa = PBXFrameworksBuildPhase;
			buildActionMask = 2147483647;
			files = (
			);
			runOnlyForDeploymentPostprocessing = 0;
		};
/* End PBXFrameworksBuildPhase section */

/* Begin PBXGroup section */
		B3FC87441C59BBC0009CE64E = {
			isa = PBXGroup;
			children = (
				B3FC874F1C59BBC0009CE64E /* CoreData */,
				B3FC874E1C59BBC0009CE64E /* Products */,
			);
			sourceTree = "<group>";
		};
		B3FC874E1C59BBC0009CE64E /* Products */ = {
			isa = PBXGroup;
			children = (
				B3FC874D1C59BBC0009CE64E /* CoreData.app */,
			);
			name = Products;
			sourceTree = "<group>";
		};
		B3FC874F1C59BBC0009CE64E /* CoreData */ = {
			isa = PBXGroup;
			children = (
				B3FC87671C59BC37009CE64E /* Storage */,
				B3FC87531C59BBC0009CE64E /* AppDelegate.h */,
				B3FC87541C59BBC0009CE64E /* AppDelegate.m */,
				B3FC87561C59BBC0009CE64E /* ViewController.h */,
				B3FC87571C59BBC0009CE64E /* ViewController.m */,
				B3FC87591C59BBC0009CE64E /* Main.storyboard */,
				B3FC875C1C59BBC0009CE64E /* Assets.xcassets */,
				B3FC875E1C59BBC0009CE64E /* LaunchScreen.storyboard */,
				B3FC87611C59BBC0009CE64E /* Info.plist */,
				B3FC87501C59BBC0009CE64E /* Supporting Files */,
			);
			path = CoreData;
			sourceTree = "<group>";
		};
		B3FC87501C59BBC0009CE64E /* Supporting Files */ = {
			isa = PBXGroup;
			children = (
				B3FC87511C59BBC0009CE64E /* main.m */,
			);
			name = "Supporting Files";
			sourceTree = "<group>";
		};
		B3FC87671C59BC37009CE64E /* Storage */ = {
			isa = PBXGroup;
			children = (
				B3FC87741C59C28E009CE64E /* Model */,
				B3FC87681C59BC50009CE64E /* DataStorage.h */,
				B3FC87691C59BC50009CE64E /* DataStorage.m */,
				B3FC876B1C59BD14009CE64E /* DataStorage.xcdatamodeld */,
			);
			name = Storage;
			sourceTree = "<group>";
		};
		B3FC87741C59C28E009CE64E /* Model */ = {
			isa = PBXGroup;
			children = (
				B3FC876E1C59C285009CE64E /* SimpleModel+CoreDataProperties.h */,
				B3FC876F1C59C285009CE64E /* SimpleModel+CoreDataProperties.m */,
				B3FC87701C59C285009CE64E /* SimpleModel.h */,
				B3FC87711C59C285009CE64E /* SimpleModel.m */,
			);
			name = Model;
			sourceTree = "<group>";
		};
/* End PBXGroup section */

/* Begin PBXNativeTarget section */
		B3FC874C1C59BBC0009CE64E /* CoreData */ = {
			isa = PBXNativeTarget;
			buildConfigurationList = B3FC87641C59BBC0009CE64E /* Build configuration list for PBXNativeTarget "CoreData" */;
			buildPhases = (
				B3FC87491C59BBC0009CE64E /* Sources */,
				B3FC874A1C59BBC0009CE64E /* Frameworks */,
				B3FC874B1C59BBC0009CE64E /* Resources */,
			);
			buildRules = (
			);
			dependencies = (
			);
			name = CoreData;
			productName = CoreData;
			productReference = B3FC874D1C59BBC0009CE64E /* CoreData.app */;
			productType = "com.apple.product-type.application";
		};
/* End PBXNativeTarget section */

/* Begin PBXProject section */
		B3FC87451C59BBC0009CE64E /* Project object */ = {
			isa = PBXProject;
			attributes = {
				LastUpgradeCheck = 0720;
				ORGANIZATIONNAME = Thomson;
				TargetAttributes = {
					B3FC874C1C59BBC0009CE64E = {
						CreatedOnToolsVersion = 7.2;
					};
				};
			};
			buildConfigurationList = B3FC87481C59BBC0009CE64E /* Build configuration list for PBXProject "CoreData" */;
			compatibilityVersion = "Xcode 3.2";
			developmentRegion = English;
			hasScannedForEncodings = 0;
			knownRegions = (
				en,
				Base,
			);
			mainGroup = B3FC87441C59BBC0009CE64E;
			productRefGroup = B3FC874E1C59BBC0009CE64E /* Products */;
			projectDirPath = "";
			projectRoot = "";
			targets = (
				B3FC874C1C59BBC0009CE64E /* CoreData */,
			);
		};
/* End PBXProject section */

/* Begin PBXResourcesBuildPhase section */
		B3FC874B1C59BBC0009CE64E /* Resources */ = {
			isa = PBXResourcesBuildPhase;
			buildActionMask = 2147483647;
			files = (
				B3FC87601C59BBC0009CE64E /* LaunchScreen.storyboard in Resources */,
				B3FC875D1C59BBC0009CE64E /* Assets.xcassets in Resources */,
				B3FC875B1C59BBC0009CE64E /* Main.storyboard in Resources */,
			);
			runOnlyForDeploymentPostprocessing = 0;
		};
/* End PBXResourcesBuildPhase section */

/* Begin PBXSourcesBuildPhase section */
		B3FC87491C59BBC0009CE64E /* Sources */ = {
			isa = PBXSourcesBuildPhase;
			buildActionMask = 2147483647;
			files = (
				B3FC87731C59C285009CE64E /* SimpleModel.m in Sources */,
				B3FC87581C59BBC0009CE64E /* ViewController.m in Sources */,
				B3FC876D1C59BD14009CE64E /* DataStorage.xcdatamodeld in Sources */,
				B3FC87721C59C285009CE64E /* SimpleModel+CoreDataProperties.m in Sources */,
				B3FC87551C59BBC0009CE64E /* AppDelegate.m in Sources */,
				B3FC87521C59BBC0009CE64E /* main.m in Sources */,
				B3FC876A1C59BC50009CE64E /* DataStorage.m in Sources */,
			);
			runOnlyForDeploymentPostprocessing = 0;
		};
/* End PBXSourcesBuildPhase section */

/* Begin PBXVariantGroup section */
		B3FC87591C59BBC0009CE64E /* Main.storyboard */ = {
			isa = PBXVariantGroup;
			children = (
				B3FC875A1C59BBC0009CE64E /* Base */,
			);
			name = Main.storyboard;
			sourceTree = "<group>";
		};
		B3FC875E1C59BBC0009CE64E /* LaunchScreen.storyboard */ = {
			isa = PBXVariantGroup;
			children = (
				B3FC875F1C59BBC0009CE64E /* Base */,
			);
			name = LaunchScreen.storyboard;
			sourceTree = "<group>";
		};
/* End PBXVariantGroup section */

/* Begin XCBuildConfiguration section */
		B3FC87621C59BBC0009CE64E /* Debug */ = {
			isa = XCBuildConfiguration;
			buildSettings = {
				ALWAYS_SEARCH_USER_PATHS = NO;
				CLANG_CXX_LANGUAGE_STANDARD = "gnu++0x";
				CLANG_CXX_LIBRARY = "libc++";
				CLANG_ENABLE_MODULES = YES;
				CLANG_ENABLE_OBJC_ARC = YES;
				CLANG_WARN_BOOL_CONVERSION = YES;
				CLANG_WARN_CONSTANT_CONVERSION = YES;
				CLANG_WARN_DIRECT_OBJC_ISA_USAGE = YES_ERROR;
				CLANG_WARN_EMPTY_BODY = YES;
				CLANG_WARN_ENUM_CONVERSION = YES;
				CLANG_WARN_INT_CONVERSION = YES;
				CLANG_WARN_OBJC_ROOT_CLASS = YES_ERROR;
				CLANG_WARN_UNREACHABLE_CODE = YES;
				CLANG_WARN__DUPLICATE_METHOD_MATCH = YES;
				"CODE_SIGN_IDENTITY[sdk=iphoneos*]" = "iPhone Developer";
				COPY_PHASE_STRIP = NO;
				DEBUG_INFORMATION_FORMAT = dwarf;
				ENABLE_STRICT_OBJC_MSGSEND = YES;
				ENABLE_TESTABILITY = YES;
				GCC_C_LANGUAGE_STANDARD = gnu99;
				GCC_DYNAMIC_NO_PIC = NO;
				GCC_NO_COMMON_BLOCKS = YES;
				GCC_OPTIMIZATION_LEVEL = 0;
				GCC_PREPROCESSOR_DEFINITIONS = (
					"DEBUG=1",
					"$(inherited)",
				);
				GCC_WARN_64_TO_32_BIT_CONVERSION = YES;
				GCC_WARN_ABOUT_RETURN_TYPE = YES_ERROR;
				GCC_WARN_UNDECLARED_SELECTOR = YES;
				GCC_WARN_UNINITIALIZED_AUTOS = YES_AGGRESSIVE;
				GCC_WARN_UNUSED_FUNCTION = YES;
				GCC_WARN_UNUSED_VARIABLE = YES;
				IPHONEOS_DEPLOYMENT_TARGET = 9.2;
				MTL_ENABLE_DEBUG_INFO = YES;
				ONLY_ACTIVE_ARCH = YES;
				SDKROOT = iphoneos;
			};
			name = Debug;
		};
		B3FC87631C59BBC0009CE64E /* Release */ = {
			isa = XCBuildConfiguration;
			buildSettings = {
				ALWAYS_SEARCH_USER_PATHS = NO;
				CLANG_CXX_LANGUAGE_STANDARD = "gnu++0x";
				CLANG_CXX_LIBRARY = "libc++";
				CLANG_ENABLE_MODULES = YES;
				CLANG_ENABLE_OBJC_ARC = YES;
				CLANG_WARN_BOOL_CONVERSION = YES;
				CLANG_WARN_CONSTANT_CONVERSION = YES;
				CLANG_WARN_DIRECT_OBJC_ISA_USAGE = YES_ERROR;
				CLANG_WARN_EMPTY_BODY = YES;
				CLANG_WARN_ENUM_CONVERSION = YES;
				CLANG_WARN_INT_CONVERSION = YES;
				CLANG_WARN_OBJC_ROOT_CLASS = YES_ERROR;
				CLANG_WARN_UNREACHABLE_CODE = YES;
				CLANG_WARN__DUPLICATE_METHOD_MATCH = YES;
				"CODE_SIGN_IDENTITY[sdk=iphoneos*]" = "iPhone Developer";
				COPY_PHASE_STRIP = NO;
				DEBUG_INFORMATION_FORMAT = "dwarf-with-dsym";
				ENABLE_NS_ASSERTIONS = NO;
				ENABLE_STRICT_OBJC_MSGSEND = YES;
				GCC_C_LANGUAGE_STANDARD = gnu99;
				GCC_NO_COMMON_BLOCKS = YES;
				GCC_WARN_64_TO_32_BIT_CONVERSION = YES;
				GCC_WARN_ABOUT_RETURN_TYPE = YES_ERROR;
				GCC_WARN_UNDECLARED_SELECTOR = YES;
				GCC_WARN_UNINITIALIZED_AUTOS = YES_AGGRESSIVE;
				GCC_WARN_UNUSED_FUNCTION = YES;
				GCC_WARN_UNUSED_VARIABLE = YES;
				IPHONEOS_DEPLOYMENT_TARGET = 9.2;
				MTL_ENABLE_DEBUG_INFO = NO;
				SDKROOT = iphoneos;
				VALIDATE_PRODUCT = YES;
			};
			name = Release;
		};
		B3FC87651C59BBC0009CE64E /* Debug */ = {
			isa = XCBuildConfiguration;
			buildSettings = {
				ASSETCATALOG_COMPILER_APPICON_NAME = AppIcon;
				INFOPLIST_FILE = CoreData/Info.plist;
				LD_RUNPATH_SEARCH_PATHS = "$(inherited) @executable_path/Frameworks";
				PRODUCT_BUNDLE_IDENTIFIER = com.thomson.CoreData;
				PRODUCT_NAME = "$(TARGET_NAME)";
			};
			name = Debug;
		};
		B3FC87661C59BBC0009CE64E /* Release */ = {
			isa = XCBuildConfiguration;
			buildSettings = {
				ASSETCATALOG_COMPILER_APPICON_NAME = AppIcon;
				INFOPLIST_FILE = CoreData/Info.plist;
				LD_RUNPATH_SEARCH_PATHS = "$(inherited) @executable_path/Frameworks";
				PRODUCT_BUNDLE_IDENTIFIER = com.thomson.CoreData;
				PRODUCT_NAME = "$(TARGET_NAME)";
			};
			name = Release;
		};
/* End XCBuildConfiguration section */

/* Begin XCConfigurationList section */
		B3FC87481C59BBC0009CE64E /* Build configuration list for PBXProject "CoreData" */ = {
			isa = XCConfigurationList;
			buildConfigurations = (
				B3FC87621C59BBC0009CE64E /* Debug */,
				B3FC87631C59BBC0009CE64E /* Release */,
			);
			defaultConfigurationIsVisible = 0;
			defaultConfigurationName = Release;
		};
		B3FC87641C59BBC0009CE64E /* Build configuration list for PBXNativeTarget "CoreData" */ = {
			isa = XCConfigurationList;
			buildConfigurations = (
				B3FC87651C59BBC0009CE64E /* Debug */,
				B3FC87661C59BBC0009CE64E /* Release */,
			);
			defaultConfigurationIsVisible = 0;
		};
/* End XCConfigurationList section */

/* Begin XCVersionGroup section */
		B3FC876B1C59BD14009CE64E /* DataStorage.xcdatamodeld */ = {
			isa = XCVersionGroup;
			children = (
				B3FC876C1C59BD14009CE64E /* DataStorage.xcdatamodel */,
			);
			currentVersion = B3FC876C1C59BD14009CE64E /* DataStorage.xcdatamodel */;
			path = DataStorage.xcdatamodeld;
			sourceTree = "<group>";
			versionGroupType = wrapper.xcdatamodel;
		};
/* End XCVersionGroup section */
	};
	rootObject = B3FC87451C59BBC0009CE64E /* Project object */;
}
